
Microsoft Visual Studio Solution File, Format Version 12.00
# Visual Studio Version 17
VisualStudioVersion = 17.11.35303.130
MinimumVisualStudioVersion = 10.0.40219.1
Project("{FAE04EC0-301F-11D3-BF4B-00C04F79EFBC}") = "Multi-Tenant-Poc", "Multi-Tenant-Poc\Multi-Tenant-Poc.csproj", "{EA59620D-E0AC-4364-99D7-15F84218FF13}"
EndProject
Project("{FAE04EC0-301F-11D3-BF4B-00C04F79EFBC}") = "Migrator-Test", "Migrator-Test\Migrator-Test.csproj", "{5E10690B-E511-4F6D-8803-FACAB4B7D1B8}"
EndProject
Global
	GlobalSection(SolutionConfigurationPlatforms) = preSolution
		Debug|Any CPU = Debug|Any CPU
		Release|Any CPU = Release|Any CPU
	EndGlobalSection
	GlobalSection(ProjectConfigurationPlatforms) = postSolution
		{EA59620D-E0AC-4364-99D7-15F84218FF13}.Debug|Any CPU.ActiveCfg = Debug|Any CPU
		{EA59620D-E0AC-4364-99D7-15F84218FF13}.Debug|Any CPU.Build.0 = Debug|Any CPU
		{EA59620D-E0AC-4364-99D7-15F84218FF13}.Release|Any CPU.ActiveCfg = Release|Any CPU
		{EA59620D-E0AC-4364-99D7-15F84218FF13}.Release|Any CPU.Build.0 = Release|Any CPU
		{5E10690B-E511-4F6D-8803-FACAB4B7D1B8}.Debug|Any CPU.ActiveCfg = Debug|Any CPU
		{5E10690B-E511-4F6D-8803-FACAB4B7D1B8}.Debug|Any CPU.Build.0 = Debug|Any CPU
		{5E10690B-E511-4F6D-8803-FACAB4B7D1B8}.Release|Any CPU.ActiveCfg = Release|Any CPU
		{5E10690B-E511-4F6D-8803-FACAB4B7D1B8}.Release|Any CPU.Build.0 = Release|Any CPU
	EndGlobalSection
	GlobalSection(SolutionProperties) = preSolution
		HideSolutionNode = FALSE
	EndGlobalSection
	GlobalSection(ExtensibilityGlobals) = postSolution
		SolutionGuid = {C53A2B71-FFD9-4F8D-9687-088E177BFD67}
	EndGlobalSection
EndGlobal
